{
  "name": "svg2base64",
  "version": "1.0.0",
  "lockfileVersion": 1,
  "requires": true,
  "dependencies": {
    "serializer": {
      "version": "0.0.3",
      "resolved": "https://registry.npmjs.org/serializer/-/serializer-0.0.3.tgz",
      "integrity": "sha1-CCwRlIiIcRSC4qbR2UptKOMbUa4="
    },
    "xmlserializer": {
      "version": "0.6.1",
      "resolved": "https://registry.npmjs.org/xmlserializer/-/xmlserializer-0.6.1.tgz",
      "integrity": "sha512-FNb0eEqqUUbnuvxuHqNuKH8qCGKqxu+558Zi8UzOoQk8Z9LdvpONK+v7m3gpKVHrk5Aq+0nNLsKxu/6OYh7Umw=="
    }
  }
}
