# THIS IS AN AUTOGENERATED FILE. DO NOT EDIT THIS FILE DIRECTLY.
# yarn lockfile v1


co@4.6.0:
  version "4.6.0"
  resolved "https://registry.yarnpkg.com/co/-/co-4.6.0.tgz#6ea6bdf3d853ae54ccb8e47bfa0bf3f9031fb184"
  integrity sha1-bqa989hTrlTMuOR7+gvz+QMfsYQ=

eventemitter2@4.1.0:
  version "4.1.0"
  resolved "https://registry.yarnpkg.com/eventemitter2/-/eventemitter2-4.1.0.tgz#b1fb8a1144e7dfcf80cecce9877ff6d68e7d8506"
  integrity sha1-sfuKEUTn38+Azszph3/21o59hQY=

is-generator-function@1.0.6:
  version "1.0.6"
  resolved "https://registry.yarnpkg.com/is-generator-function/-/is-generator-function-1.0.6.tgz#9e71653cd15fff341c79c4151460a131d31e9fc4"
  integrity sha1-nnFlPNFf/zQcecQVFGChMdMen8Q=

node-worker-threads-pool@^1.5.1:
  version "1.5.1"
  resolved "https://registry.yarnpkg.com/node-worker-threads-pool/-/node-worker-threads-pool-1.5.1.tgz#1034303e10bb63a541ec74ae26559e9dff355f27"
  integrity sha512-7TXAhpMm+jO4MfESxYLtMGSnJWv+itdNHMdaFmeZuPXxwFGU90mtEB42BciUULXOUAxYBfXILAuvrSG3rQZ7mw==

worker-thread@^1.1.0:
  version "1.1.0"
  resolved "https://registry.yarnpkg.com/worker-thread/-/worker-thread-1.1.0.tgz#79194f52df4ee17cabf08246dd1b0a968c5214ed"
  integrity sha1-eRlPUt9O4Xyr8IJG3RsKloxSFO0=
  dependencies:
    co "4.6.0"
    eventemitter2 "4.1.0"
    is-generator-function "1.0.6"
